{
  "name": "layui-test",
  "version": "1.0.0",
  "lockfileVersion": 1,
  "requires": true,
  "dependencies": {
    "layui-src": {
      "version": "2.4.5",
      "resolved": "https://registry.npmjs.org/layui-src/-/layui-src-2.4.5.tgz",
      "integrity": "sha512-dPaMlKaq6nip9c8GoJccnVatN39k8I/p3UtqPvMX+TZKsAp6nGpysE7UZb5rvqGpZaL6ESqFqkmrwHj7BijLlA=="
    }
  }
}
